
Microsoft Visual Studio Solution File, Format Version 12.00
# Visual Studio 15
VisualStudioVersion = 15.0.26730.16
MinimumVisualStudioVersion = 10.0.40219.1
Project("{2150E333-8FDC-42A3-9474-1A3956D46DE8}") = "Libraries", "Libraries", "{FECAC992-93E0-4C44-A247-7FA0772679B2}"
EndProject
Project("{9A19103F-16F7-4668-BE54-9A1E7A4F7556}") = "Wp.Core", "Libraries\Wp.Core\Wp.Core.csproj", "{674430AD-D264-47A9-8621-F7181CF941D0}"
EndProject
Project("{9A19103F-16F7-4668-BE54-9A1E7A4F7556}") = "Wp.Data", "Libraries\Wp.Data\Wp.Data.csproj", "{4F794571-DD01-4F8F-B6E9-5B1AFAC45695}"
EndProject
Project("{9A19103F-16F7-4668-BE54-9A1E7A4F7556}") = "Wp.Service", "Libraries\Wp.Service\Wp.Service.csproj", "{7F505337-9BD4-45BC-A2BE-E27B901AD934}"
EndProject
Project("{9A19103F-16F7-4668-BE54-9A1E7A4F7556}") = "Wp.Web.Framework", "Wp.Web.Framework\Wp.Web.Framework.csproj", "{80A8B788-DFBC-4D79-9227-F019AD6E0111}"
EndProject
Project("{9A19103F-16F7-4668-BE54-9A1E7A4F7556}") = "Wp.Web.WebApi", "Wp.Web.WebApi\Wp.Web.WebApi.csproj", "{33D940BA-62A7-473C-B1C7-ED0B8B149971}"
EndProject
Global
	GlobalSection(SolutionConfigurationPlatforms) = preSolution
		Debug|Any CPU = Debug|Any CPU
		Release|Any CPU = Release|Any CPU
		Staging|Any CPU = Staging|Any CPU
	EndGlobalSection
	GlobalSection(ProjectConfigurationPlatforms) = postSolution
		{674430AD-D264-47A9-8621-F7181CF941D0}.Debug|Any CPU.ActiveCfg = Debug|Any CPU
		{674430AD-D264-47A9-8621-F7181CF941D0}.Debug|Any CPU.Build.0 = Debug|Any CPU
		{674430AD-D264-47A9-8621-F7181CF941D0}.Release|Any CPU.ActiveCfg = Release|Any CPU
		{674430AD-D264-47A9-8621-F7181CF941D0}.Release|Any CPU.Build.0 = Release|Any CPU
		{674430AD-D264-47A9-8621-F7181CF941D0}.Staging|Any CPU.ActiveCfg = Debug|Any CPU
		{674430AD-D264-47A9-8621-F7181CF941D0}.Staging|Any CPU.Build.0 = Debug|Any CPU
		{4F794571-DD01-4F8F-B6E9-5B1AFAC45695}.Debug|Any CPU.ActiveCfg = Debug|Any CPU
		{4F794571-DD01-4F8F-B6E9-5B1AFAC45695}.Debug|Any CPU.Build.0 = Debug|Any CPU
		{4F794571-DD01-4F8F-B6E9-5B1AFAC45695}.Release|Any CPU.ActiveCfg = Release|Any CPU
		{4F794571-DD01-4F8F-B6E9-5B1AFAC45695}.Release|Any CPU.Build.0 = Release|Any CPU
		{4F794571-DD01-4F8F-B6E9-5B1AFAC45695}.Staging|Any CPU.ActiveCfg = Debug|Any CPU
		{4F794571-DD01-4F8F-B6E9-5B1AFAC45695}.Staging|Any CPU.Build.0 = Debug|Any CPU
		{7F505337-9BD4-45BC-A2BE-E27B901AD934}.Debug|Any CPU.ActiveCfg = Debug|Any CPU
		{7F505337-9BD4-45BC-A2BE-E27B901AD934}.Debug|Any CPU.Build.0 = Debug|Any CPU
		{7F505337-9BD4-45BC-A2BE-E27B901AD934}.Release|Any CPU.ActiveCfg = Release|Any CPU
		{7F505337-9BD4-45BC-A2BE-E27B901AD934}.Release|Any CPU.Build.0 = Release|Any CPU
		{7F505337-9BD4-45BC-A2BE-E27B901AD934}.Staging|Any CPU.ActiveCfg = Debug|Any CPU
		{7F505337-9BD4-45BC-A2BE-E27B901AD934}.Staging|Any CPU.Build.0 = Debug|Any CPU
		{80A8B788-DFBC-4D79-9227-F019AD6E0111}.Debug|Any CPU.ActiveCfg = Debug|Any CPU
		{80A8B788-DFBC-4D79-9227-F019AD6E0111}.Debug|Any CPU.Build.0 = Debug|Any CPU
		{80A8B788-DFBC-4D79-9227-F019AD6E0111}.Release|Any CPU.ActiveCfg = Release|Any CPU
		{80A8B788-DFBC-4D79-9227-F019AD6E0111}.Release|Any CPU.Build.0 = Release|Any CPU
		{80A8B788-DFBC-4D79-9227-F019AD6E0111}.Staging|Any CPU.ActiveCfg = Debug|Any CPU
		{80A8B788-DFBC-4D79-9227-F019AD6E0111}.Staging|Any CPU.Build.0 = Debug|Any CPU
		{33D940BA-62A7-473C-B1C7-ED0B8B149971}.Debug|Any CPU.ActiveCfg = Debug|Any CPU
		{33D940BA-62A7-473C-B1C7-ED0B8B149971}.Debug|Any CPU.Build.0 = Debug|Any CPU
		{33D940BA-62A7-473C-B1C7-ED0B8B149971}.Release|Any CPU.ActiveCfg = Release|Any CPU
		{33D940BA-62A7-473C-B1C7-ED0B8B149971}.Release|Any CPU.Build.0 = Release|Any CPU
		{33D940BA-62A7-473C-B1C7-ED0B8B149971}.Staging|Any CPU.ActiveCfg = Debug|Any CPU
		{33D940BA-62A7-473C-B1C7-ED0B8B149971}.Staging|Any CPU.Build.0 = Debug|Any CPU
	EndGlobalSection
	GlobalSection(SolutionProperties) = preSolution
		HideSolutionNode = FALSE
	EndGlobalSection
	GlobalSection(NestedProjects) = preSolution
		{674430AD-D264-47A9-8621-F7181CF941D0} = {FECAC992-93E0-4C44-A247-7FA0772679B2}
		{4F794571-DD01-4F8F-B6E9-5B1AFAC45695} = {FECAC992-93E0-4C44-A247-7FA0772679B2}
		{7F505337-9BD4-45BC-A2BE-E27B901AD934} = {FECAC992-93E0-4C44-A247-7FA0772679B2}
	EndGlobalSection
	GlobalSection(ExtensibilityGlobals) = postSolution
		SolutionGuid = {29C12148-598D-4F92-96EA-BAA884524253}
	EndGlobalSection
EndGlobal
